// !$*UTF8*$!
{
	archiveVersion = 1;
	classes = {
	};
	objectVersion = 50;
	objects = {

/* Begin PBXBuildFile section */
		3E0BB2482ECD3E95CA0F1FED /* Pods_selfigramTests.framework in Frameworks */ = {isa = PBXBuildFile; fileRef = 6F148D6AE3488F60B9918ED2 /* Pods_selfigramTests.framework */; };
		4DDE1B7A3C067EFDD03FF0F0 /* Pods_selfigram.framework in Frameworks */ = {isa = PBXBuildFile; fileRef = 0F58ADAA5C871FD3DD056341 /* Pods_selfigram.framework */; };
		6CC2D955838CAF2A8E0A187B /* Pods_selfigramUITests.framework in Frameworks */ = {isa = PBXBuildFile; fileRef = A1104FB9C8A544F3BA4FC1D1 /* Pods_selfigramUITests.framework */; };
		DC2279BC20EDB5F00096CFD1 /* AppDelegate.swift in Sources */ = {isa = PBXBuildFile; fileRef = DC2279BB20EDB5F00096CFD1 /* AppDelegate.swift */; };
		DC2279BE20EDB5F00096CFD1 /* ViewController.swift in Sources */ = {isa = PBXBuildFile; fileRef = DC2279BD20EDB5F00096CFD1 /* ViewController.swift */; };
		DC2279C120EDB5F00096CFD1 /* Main.storyboard in Resources */ = {isa = PBXBuildFile; fileRef = DC2279BF20EDB5F00096CFD1 /* Main.storyboard */; };
		DC2279C320EDB5F10096CFD1 /* Assets.xcassets in Resources */ = {isa = PBXBuildFile; fileRef = DC2279C220EDB5F10096CFD1 /* Assets.xcassets */; };
		DC2279C620EDB5F10096CFD1 /* LaunchScreen.storyboard in Resources */ = {isa = PBXBuildFile; fileRef = DC2279C420EDB5F10096CFD1 /* LaunchScreen.storyboard */; };
		DC2279D120EDB5F10096CFD1 /* selfigramTests.swift in Sources */ = {isa = PBXBuildFile; fileRef = DC2279D020EDB5F10096CFD1 /* selfigramTests.swift */; };
		DC2279DC20EDB5F10096CFD1 /* selfigramUITests.swift in Sources */ = {isa = PBXBuildFile; fileRef = DC2279DB20EDB5F10096CFD1 /* selfigramUITests.swift */; };
		DC5349FD2106D3E000E48AA9 /* SelfieCell.swift in Sources */ = {isa = PBXBuildFile; fileRef = DC5349FC2106D3E000E48AA9 /* SelfieCell.swift */; };
		DC61422120FD8C6700A3BEF5 /* FeedTableViewController.swift in Sources */ = {isa = PBXBuildFile; fileRef = DC61422020FD8C6700A3BEF5 /* FeedTableViewController.swift */; };
		DCDDB92520F454ED00A3F07A /* ProfileViewController.swift in Sources */ = {isa = PBXBuildFile; fileRef = DCDDB92420F454ED00A3F07A /* ProfileViewController.swift */; };
		DCEDAFF320F7074300C451B6 /* User.swift in Sources */ = {isa = PBXBuildFile; fileRef = DCEDAFF220F7074300C451B6 /* User.swift */; };
		DCEDAFF520F7096C00C451B6 /* Post.swift in Sources */ = {isa = PBXBuildFile; fileRef = DCEDAFF420F7096C00C451B6 /* Post.swift */; };
/* End PBXBuildFile section */

/* Begin PBXContainerItemProxy section */
		DC2279CD20EDB5F10096CFD1 /* PBXContainerItemProxy */ = {
			isa = PBXContainerItemProxy;
			containerPortal = DC2279B020EDB5F00096CFD1 /* Project object */;
			proxyType = 1;
			remoteGlobalIDString = DC2279B720EDB5F00096CFD1;
			remoteInfo = selfigram;
		};
		DC2279D820EDB5F10096CFD1 /* PBXContainerItemProxy */ = {
			isa = PBXContainerItemProxy;
			containerPortal = DC2279B020EDB5F00096CFD1 /* Project object */;
			proxyType = 1;
			remoteGlobalIDString = DC2279B720EDB5F00096CFD1;
			remoteInfo = selfigram;
		};
/* End PBXContainerItemProxy section */

/* Begin PBXFileReference section */
		03659D942141BA6FE8FDF5E0 /* Pods-selfigram.release.xcconfig */ = {isa = PBXFileReference; includeInIndex = 1; lastKnownFileType = text.xcconfig; name = "Pods-selfigram.release.xcconfig"; path = "Pods/Target Support Files/Pods-selfigram/Pods-selfigram.release.xcconfig"; sourceTree = "<group>"; };
		09B34BF0FFB61CBB521B58A9 /* Pods-selfigram.debug.xcconfig */ = {isa = PBXFileReference; includeInIndex = 1; lastKnownFileType = text.xcconfig; name = "Pods-selfigram.debug.xcconfig"; path = "Pods/Target Support Files/Pods-selfigram/Pods-selfigram.debug.xcconfig"; sourceTree = "<group>"; };
		0F58ADAA5C871FD3DD056341 /* Pods_selfigram.framework */ = {isa = PBXFileReference; explicitFileType = wrapper.framework; includeInIndex = 0; path = Pods_selfigram.framework; sourceTree = BUILT_PRODUCTS_DIR; };
		15D3D7A284BDF98D80DEF919 /* Pods-selfigramTests.release.xcconfig */ = {isa = PBXFileReference; includeInIndex = 1; lastKnownFileType = text.xcconfig; name = "Pods-selfigramTests.release.xcconfig"; path = "Pods/Target Support Files/Pods-selfigramTests/Pods-selfigramTests.release.xcconfig"; sourceTree = "<group>"; };
		29048CACF483600C265D96D2 /* Pods-selfigramUITests.release.xcconfig */ = {isa = PBXFileReference; includeInIndex = 1; lastKnownFileType = text.xcconfig; name = "Pods-selfigramUITests.release.xcconfig"; path = "Pods/Target Support Files/Pods-selfigramUITests/Pods-selfigramUITests.release.xcconfig"; sourceTree = "<group>"; };
		65001E926717C52ACD2074EA /* Pods-selfigramTests.debug.xcconfig */ = {isa = PBXFileReference; includeInIndex = 1; lastKnownFileType = text.xcconfig; name = "Pods-selfigramTests.debug.xcconfig"; path = "Pods/Target Support Files/Pods-selfigramTests/Pods-selfigramTests.debug.xcconfig"; sourceTree = "<group>"; };
		6F148D6AE3488F60B9918ED2 /* Pods_selfigramTests.framework */ = {isa = PBXFileReference; explicitFileType = wrapper.framework; includeInIndex = 0; path = Pods_selfigramTests.framework; sourceTree = BUILT_PRODUCTS_DIR; };
		A1104FB9C8A544F3BA4FC1D1 /* Pods_selfigramUITests.framework */ = {isa = PBXFileReference; explicitFileType = wrapper.framework; includeInIndex = 0; path = Pods_selfigramUITests.framework; sourceTree = BUILT_PRODUCTS_DIR; };
		D5870BF80AD47325225DA395 /* Pods-selfigramUITests.debug.xcconfig */ = {isa = PBXFileReference; includeInIndex = 1; lastKnownFileType = text.xcconfig; name = "Pods-selfigramUITests.debug.xcconfig"; path = "Pods/Target Support Files/Pods-selfigramUITests/Pods-selfigramUITests.debug.xcconfig"; sourceTree = "<group>"; };
		DC2279B820EDB5F00096CFD1 /* selfigram.app */ = {isa = PBXFileReference; explicitFileType = wrapper.application; includeInIndex = 0; path = selfigram.app; sourceTree = BUILT_PRODUCTS_DIR; };
		DC2279BB20EDB5F00096CFD1 /* AppDelegate.swift */ = {isa = PBXFileReference; lastKnownFileType = sourcecode.swift; path = AppDelegate.swift; sourceTree = "<group>"; };
		DC2279BD20EDB5F00096CFD1 /* ViewController.swift */ = {isa = PBXFileReference; lastKnownFileType = sourcecode.swift; path = ViewController.swift; sourceTree = "<group>"; };
		DC2279C020EDB5F00096CFD1 /* Base */ = {isa = PBXFileReference; lastKnownFileType = file.storyboard; name = Base; path = Base.lproj/Main.storyboard; sourceTree = "<group>"; };
		DC2279C220EDB5F10096CFD1 /* Assets.xcassets */ = {isa = PBXFileReference; lastKnownFileType = folder.assetcatalog; path = Assets.xcassets; sourceTree = "<group>"; };
		DC2279C520EDB5F10096CFD1 /* Base */ = {isa = PBXFileReference; lastKnownFileType = file.storyboard; name = Base; path = Base.lproj/LaunchScreen.storyboard; sourceTree = "<group>"; };
		DC2279C720EDB5F10096CFD1 /* Info.plist */ = {isa = PBXFileReference; lastKnownFileType = text.plist.xml; path = Info.plist; sourceTree = "<group>"; };
		DC2279CC20EDB5F10096CFD1 /* selfigramTests.xctest */ = {isa = PBXFileReference; explicitFileType = wrapper.cfbundle; includeInIndex = 0; path = selfigramTests.xctest; sourceTree = BUILT_PRODUCTS_DIR; };
		DC2279D020EDB5F10096CFD1 /* selfigramTests.swift */ = {isa = PBXFileReference; lastKnownFileType = sourcecode.swift; path = selfigramTests.swift; sourceTree = "<group>"; };
		DC2279D220EDB5F10096CFD1 /* Info.plist */ = {isa = PBXFileReference; lastKnownFileType = text.plist.xml; path = Info.plist; sourceTree = "<group>"; };
		DC2279D720EDB5F10096CFD1 /* selfigramUITests.xctest */ = {isa = PBXFileReference; explicitFileType = wrapper.cfbundle; includeInIndex = 0; path = selfigramUITests.xctest; sourceTree = BUILT_PRODUCTS_DIR; };
		DC2279DB20EDB5F10096CFD1 /* selfigramUITests.swift */ = {isa = PBXFileReference; lastKnownFileType = sourcecode.swift; path = selfigramUITests.swift; sourceTree = "<group>"; };
		DC2279DD20EDB5F10096CFD1 /* Info.plist */ = {isa = PBXFileReference; lastKnownFileType = text.plist.xml; path = Info.plist; sourceTree = "<group>"; };
		DC5349FC2106D3E000E48AA9 /* SelfieCell.swift */ = {isa = PBXFileReference; lastKnownFileType = sourcecode.swift; path = SelfieCell.swift; sourceTree = "<group>"; };
		DC61422020FD8C6700A3BEF5 /* FeedTableViewController.swift */ = {isa = PBXFileReference; lastKnownFileType = sourcecode.swift; path = FeedTableViewController.swift; sourceTree = "<group>"; };
		DCDDB92420F454ED00A3F07A /* ProfileViewController.swift */ = {isa = PBXFileReference; lastKnownFileType = sourcecode.swift; path = ProfileViewController.swift; sourceTree = "<group>"; };
		DCEDAFF220F7074300C451B6 /* User.swift */ = {isa = PBXFileReference; lastKnownFileType = sourcecode.swift; path = User.swift; sourceTree = "<group>"; };
		DCEDAFF420F7096C00C451B6 /* Post.swift */ = {isa = PBXFileReference; lastKnownFileType = sourcecode.swift; path = Post.swift; sourceTree = "<group>"; };
/* End PBXFileReference section */

/* Begin PBXFrameworksBuildPhase section */
		DC2279B520EDB5F00096CFD1 /* Frameworks */ = {
			isa = PBXFrameworksBuildPhase;
			buildActionMask = 2147483647;
			files = (
				4DDE1B7A3C067EFDD03FF0F0 /* Pods_selfigram.framework in Frameworks */,
			);
			runOnlyForDeploymentPostprocessing = 0;
		};
		DC2279C920EDB5F10096CFD1 /* Frameworks */ = {
			isa = PBXFrameworksBuildPhase;
			buildActionMask = 2147483647;
			files = (
				3E0BB2482ECD3E95CA0F1FED /* Pods_selfigramTests.framework in Frameworks */,
			);
			runOnlyForDeploymentPostprocessing = 0;
		};
		DC2279D420EDB5F10096CFD1 /* Frameworks */ = {
			isa = PBXFrameworksBuildPhase;
			buildActionMask = 2147483647;
			files = (
				6CC2D955838CAF2A8E0A187B /* Pods_selfigramUITests.framework in Frameworks */,
			);
			runOnlyForDeploymentPostprocessing = 0;
		};
/* End PBXFrameworksBuildPhase section */

/* Begin PBXGroup section */
		0912769A9800E9C2F3728256 /* Frameworks */ = {
			isa = PBXGroup;
			children = (
				0F58ADAA5C871FD3DD056341 /* Pods_selfigram.framework */,
				6F148D6AE3488F60B9918ED2 /* Pods_selfigramTests.framework */,
				A1104FB9C8A544F3BA4FC1D1 /* Pods_selfigramUITests.framework */,
			);
			name = Frameworks;
			sourceTree = "<group>";
		};
		7DECF5746CD4CEECE4745B4A /* Pods */ = {
			isa = PBXGroup;
			children = (
				09B34BF0FFB61CBB521B58A9 /* Pods-selfigram.debug.xcconfig */,
				03659D942141BA6FE8FDF5E0 /* Pods-selfigram.release.xcconfig */,
				65001E926717C52ACD2074EA /* Pods-selfigramTests.debug.xcconfig */,
				15D3D7A284BDF98D80DEF919 /* Pods-selfigramTests.release.xcconfig */,
				D5870BF80AD47325225DA395 /* Pods-selfigramUITests.debug.xcconfig */,
				29048CACF483600C265D96D2 /* Pods-selfigramUITests.release.xcconfig */,
			);
			name = Pods;
			sourceTree = "<group>";
		};
		DC2279AF20EDB5F00096CFD1 = {
			isa = PBXGroup;
			children = (
				DC2279BA20EDB5F00096CFD1 /* selfigram */,
				DC2279CF20EDB5F10096CFD1 /* selfigramTests */,
				DC2279DA20EDB5F10096CFD1 /* selfigramUITests */,
				DC2279B920EDB5F00096CFD1 /* Products */,
				7DECF5746CD4CEECE4745B4A /* Pods */,
				0912769A9800E9C2F3728256 /* Frameworks */,
			);
			sourceTree = "<group>";
		};
		DC2279B920EDB5F00096CFD1 /* Products */ = {
			isa = PBXGroup;
			children = (
				DC2279B820EDB5F00096CFD1 /* selfigram.app */,
				DC2279CC20EDB5F10096CFD1 /* selfigramTests.xctest */,
				DC2279D720EDB5F10096CFD1 /* selfigramUITests.xctest */,
			);
			name = Products;
			sourceTree = "<group>";
		};
		DC2279BA20EDB5F00096CFD1 /* selfigram */ = {
			isa = PBXGroup;
			children = (
				DC2279BB20EDB5F00096CFD1 /* AppDelegate.swift */,
				DC2279BD20EDB5F00096CFD1 /* ViewController.swift */,
				DCEDAFF220F7074300C451B6 /* User.swift */,
				DCEDAFF420F7096C00C451B6 /* Post.swift */,
				DC2279BF20EDB5F00096CFD1 /* Main.storyboard */,
				DC61422020FD8C6700A3BEF5 /* FeedTableViewController.swift */,
				DC5349FC2106D3E000E48AA9 /* SelfieCell.swift */,
				DCDDB92420F454ED00A3F07A /* ProfileViewController.swift */,
				DC2279C220EDB5F10096CFD1 /* Assets.xcassets */,
				DC2279C420EDB5F10096CFD1 /* LaunchScreen.storyboard */,
				DC2279C720EDB5F10096CFD1 /* Info.plist */,
			);
			path = selfigram;
			sourceTree = "<group>";
		};
		DC2279CF20EDB5F10096CFD1 /* selfigramTests */ = {
			isa = PBXGroup;
			children = (
				DC2279D020EDB5F10096CFD1 /* selfigramTests.swift */,
				DC2279D220EDB5F10096CFD1 /* Info.plist */,
			);
			path = selfigramTests;
			sourceTree = "<group>";
		};
		DC2279DA20EDB5F10096CFD1 /* selfigramUITests */ = {
			isa = PBXGroup;
			children = (
				DC2279DB20EDB5F10096CFD1 /* selfigramUITests.swift */,
				DC2279DD20EDB5F10096CFD1 /* Info.plist */,
			);
			path = selfigramUITests;
			sourceTree = "<group>";
		};
/* End PBXGroup section */

/* Begin PBXNativeTarget section */
		DC2279B720EDB5F00096CFD1 /* selfigram */ = {
			isa = PBXNativeTarget;
			buildConfigurationList = DC2279E020EDB5F10096CFD1 /* Build configuration list for PBXNativeTarget "selfigram" */;
			buildPhases = (
				871730A238E1AB117B0B2C9B /* [CP] Check Pods Manifest.lock */,
				DC2279B420EDB5F00096CFD1 /* Sources */,
				DC2279B520EDB5F00096CFD1 /* Frameworks */,
				DC2279B620EDB5F00096CFD1 /* Resources */,
				D86E471ED0FDA9CECA8429C1 /* [CP] Embed Pods Frameworks */,
			);
			buildRules = (
			);
			dependencies = (
			);
			name = selfigram;
			productName = selfigram;
			productReference = DC2279B820EDB5F00096CFD1 /* selfigram.app */;
			productType = "com.apple.product-type.application";
		};
		DC2279CB20EDB5F10096CFD1 /* selfigramTests */ = {
			isa = PBXNativeTarget;
			buildConfigurationList = DC2279E320EDB5F10096CFD1 /* Build configuration list for PBXNativeTarget "selfigramTests" */;
			buildPhases = (
				D2ABCDE5534CB5BF78DAAD26 /* [CP] Check Pods Manifest.lock */,
				DC2279C820EDB5F10096CFD1 /* Sources */,
				DC2279C920EDB5F10096CFD1 /* Frameworks */,
				DC2279CA20EDB5F10096CFD1 /* Resources */,
			);
			buildRules = (
			);
			dependencies = (
				DC2279CE20EDB5F10096CFD1 /* PBXTargetDependency */,
			);
			name = selfigramTests;
			productName = selfigramTests;
			productReference = DC2279CC20EDB5F10096CFD1 /* selfigramTests.xctest */;
			productType = "com.apple.product-type.bundle.unit-test";
		};
		DC2279D620EDB5F10096CFD1 /* selfigramUITests */ = {
			isa = PBXNativeTarget;
			buildConfigurationList = DC2279E620EDB5F10096CFD1 /* Build configuration list for PBXNativeTarget "selfigramUITests" */;
			buildPhases = (
				F0DB0FED8AC4F703820DEECB /* [CP] Check Pods Manifest.lock */,
				DC2279D320EDB5F10096CFD1 /* Sources */,
				DC2279D420EDB5F10096CFD1 /* Frameworks */,
				DC2279D520EDB5F10096CFD1 /* Resources */,
			);
			buildRules = (
			);
			dependencies = (
				DC2279D920EDB5F10096CFD1 /* PBXTargetDependency */,
			);
			name = selfigramUITests;
			productName = selfigramUITests;
			productReference = DC2279D720EDB5F10096CFD1 /* selfigramUITests.xctest */;
			productType = "com.apple.product-type.bundle.ui-testing";
		};
/* End PBXNativeTarget section */

/* Begin PBXProject section */
		DC2279B020EDB5F00096CFD1 /* Project object */ = {
			isa = PBXProject;
			attributes = {
				LastSwiftUpdateCheck = 0940;
				LastUpgradeCheck = 0940;
				ORGANIZATIONNAME = "Inderpal Lehal";
				TargetAttributes = {
					DC2279B720EDB5F00096CFD1 = {
						CreatedOnToolsVersion = 9.4.1;
					};
					DC2279CB20EDB5F10096CFD1 = {
						CreatedOnToolsVersion = 9.4.1;
						TestTargetID = DC2279B720EDB5F00096CFD1;
					};
					DC2279D620EDB5F10096CFD1 = {
						CreatedOnToolsVersion = 9.4.1;
						TestTargetID = DC2279B720EDB5F00096CFD1;
					};
				};
			};
			buildConfigurationList = DC2279B320EDB5F00096CFD1 /* Build configuration list for PBXProject "selfigram" */;
			compatibilityVersion = "Xcode 9.3";
			developmentRegion = en;
			hasScannedForEncodings = 0;
			knownRegions = (
				en,
				Base,
			);
			mainGroup = DC2279AF20EDB5F00096CFD1;
			productRefGroup = DC2279B920EDB5F00096CFD1 /* Products */;
			projectDirPath = "";
			projectRoot = "";
			targets = (
				DC2279B720EDB5F00096CFD1 /* selfigram */,
				DC2279CB20EDB5F10096CFD1 /* selfigramTests */,
				DC2279D620EDB5F10096CFD1 /* selfigramUITests */,
			);
		};
/* End PBXProject section */

/* Begin PBXResourcesBuildPhase section */
		DC2279B620EDB5F00096CFD1 /* Resources */ = {
			isa = PBXResourcesBuildPhase;
			buildActionMask = 2147483647;
			files = (
				DC2279C620EDB5F10096CFD1 /* LaunchScreen.storyboard in Resources */,
				DC2279C320EDB5F10096CFD1 /* Assets.xcassets in Resources */,
				DC2279C120EDB5F00096CFD1 /* Main.storyboard in Resources */,
			);
			runOnlyForDeploymentPostprocessing = 0;
		};
		DC2279CA20EDB5F10096CFD1 /* Resources */ = {
			isa = PBXResourcesBuildPhase;
			buildActionMask = 2147483647;
			files = (
			);
			runOnlyForDeploymentPostprocessing = 0;
		};
		DC2279D520EDB5F10096CFD1 /* Resources */ = {
			isa = PBXResourcesBuildPhase;
			buildActionMask = 2147483647;
			files = (
			);
			runOnlyForDeploymentPostprocessing = 0;
		};
/* End PBXResourcesBuildPhase section */

/* Begin PBXShellScriptBuildPhase section */
		871730A238E1AB117B0B2C9B /* [CP] Check Pods Manifest.lock */ = {
			isa = PBXShellScriptBuildPhase;
			buildActionMask = 2147483647;
			files = (
			);
			inputPaths = (
				"${PODS_PODFILE_DIR_PATH}/Podfile.lock",
				"${PODS_ROOT}/Manifest.lock",
			);
			name = "[CP] Check Pods Manifest.lock";
			outputPaths = (
				"$(DERIVED_FILE_DIR)/Pods-selfigram-checkManifestLockResult.txt",
			);
			runOnlyForDeploymentPostprocessing = 0;
			shellPath = /bin/sh;
			shellScript = "diff \"${PODS_PODFILE_DIR_PATH}/Podfile.lock\" \"${PODS_ROOT}/Manifest.lock\" > /dev/null\nif [ $? != 0 ] ; then\n    # print error to STDERR\n    echo \"error: The sandbox is not in sync with the Podfile.lock. Run 'pod install' or update your CocoaPods installation.\" >&2\n    exit 1\nfi\n# This output is used by Xcode 'outputs' to avoid re-running this script phase.\necho \"SUCCESS\" > \"${SCRIPT_OUTPUT_FILE_0}\"\n";
			showEnvVarsInLog = 0;
		};
		D2ABCDE5534CB5BF78DAAD26 /* [CP] Check Pods Manifest.lock */ = {
			isa = PBXShellScriptBuildPhase;
			buildActionMask = 2147483647;
			files = (
			);
			inputPaths = (
				"${PODS_PODFILE_DIR_PATH}/Podfile.lock",
				"${PODS_ROOT}/Manifest.lock",
			);
			name = "[CP] Check Pods Manifest.lock";
			outputPaths = (
				"$(DERIVED_FILE_DIR)/Pods-selfigramTests-checkManifestLockResult.txt",
			);
			runOnlyForDeploymentPostprocessing = 0;
			shellPath = /bin/sh;
			shellScript = "diff \"${PODS_PODFILE_DIR_PATH}/Podfile.lock\" \"${PODS_ROOT}/Manifest.lock\" > /dev/null\nif [ $? != 0 ] ; then\n    # print error to STDERR\n    echo \"error: The sandbox is not in sync with the Podfile.lock. Run 'pod install' or update your CocoaPods installation.\" >&2\n    exit 1\nfi\n# This output is used by Xcode 'outputs' to avoid re-running this script phase.\necho \"SUCCESS\" > \"${SCRIPT_OUTPUT_FILE_0}\"\n";
			showEnvVarsInLog = 0;
		};
		D86E471ED0FDA9CECA8429C1 /* [CP] Embed Pods Frameworks */ = {
			isa = PBXShellScriptBuildPhase;
			buildActionMask = 2147483647;
			files = (
			);
			inputPaths = (
				"${SRCROOT}/Pods/Target Support Files/Pods-selfigram/Pods-selfigram-frameworks.sh",
				"${BUILT_PRODUCTS_DIR}/Bolts/Bolts.framework",
				"${BUILT_PRODUCTS_DIR}/Parse/Parse.framework",
			);
			name = "[CP] Embed Pods Frameworks";
			outputPaths = (
				"${TARGET_BUILD_DIR}/${FRAMEWORKS_FOLDER_PATH}/Bolts.framework",
				"${TARGET_BUILD_DIR}/${FRAMEWORKS_FOLDER_PATH}/Parse.framework",
			);
			runOnlyForDeploymentPostprocessing = 0;
			shellPath = /bin/sh;
			shellScript = "\"${SRCROOT}/Pods/Target Support Files/Pods-selfigram/Pods-selfigram-frameworks.sh\"\n";
			showEnvVarsInLog = 0;
		};
		F0DB0FED8AC4F703820DEECB /* [CP] Check Pods Manifest.lock */ = {
			isa = PBXShellScriptBuildPhase;
			buildActionMask = 2147483647;
			files = (
			);
			inputPaths = (
				"${PODS_PODFILE_DIR_PATH}/Podfile.lock",
				"${PODS_ROOT}/Manifest.lock",
			);
			name = "[CP] Check Pods Manifest.lock";
			outputPaths = (
				"$(DERIVED_FILE_DIR)/Pods-selfigramUITests-checkManifestLockResult.txt",
			);
			runOnlyForDeploymentPostprocessing = 0;
			shellPath = /bin/sh;
			shellScript = "diff \"${PODS_PODFILE_DIR_PATH}/Podfile.lock\" \"${PODS_ROOT}/Manifest.lock\" > /dev/null\nif [ $? != 0 ] ; then\n    # print error to STDERR\n    echo \"error: The sandbox is not in sync with the Podfile.lock. Run 'pod install' or update your CocoaPods installation.\" >&2\n    exit 1\nfi\n# This output is used by Xcode 'outputs' to avoid re-running this script phase.\necho \"SUCCESS\" > \"${SCRIPT_OUTPUT_FILE_0}\"\n";
			showEnvVarsInLog = 0;
		};
/* End PBXShellScriptBuildPhase section */

/* Begin PBXSourcesBuildPhase section */
		DC2279B420EDB5F00096CFD1 /* Sources */ = {
			isa = PBXSourcesBuildPhase;
			buildActionMask = 2147483647;
			files = (
				DCEDAFF320F7074300C451B6 /* User.swift in Sources */,
				DC61422120FD8C6700A3BEF5 /* FeedTableViewController.swift in Sources */,
				DC5349FD2106D3E000E48AA9 /* SelfieCell.swift in Sources */,
				DCDDB92520F454ED00A3F07A /* ProfileViewController.swift in Sources */,
				DC2279BE20EDB5F00096CFD1 /* ViewController.swift in Sources */,
				DC2279BC20EDB5F00096CFD1 /* AppDelegate.swift in Sources */,
				DCEDAFF520F7096C00C451B6 /* Post.swift in Sources */,
			);
			runOnlyForDeploymentPostprocessing = 0;
		};
		DC2279C820EDB5F10096CFD1 /* Sources */ = {
			isa = PBXSourcesBuildPhase;
			buildActionMask = 2147483647;
			files = (
				DC2279D120EDB5F10096CFD1 /* selfigramTests.swift in Sources */,
			);
			runOnlyForDeploymentPostprocessing = 0;
		};
		DC2279D320EDB5F10096CFD1 /* Sources */ = {
			isa = PBXSourcesBuildPhase;
			buildActionMask = 2147483647;
			files = (
				DC2279DC20EDB5F10096CFD1 /* selfigramUITests.swift in Sources */,
			);
			runOnlyForDeploymentPostprocessing = 0;
		};
/* End PBXSourcesBuildPhase section */

/* Begin PBXTargetDependency section */
		DC2279CE20EDB5F10096CFD1 /* PBXTargetDependency */ = {
			isa = PBXTargetDependency;
			target = DC2279B720EDB5F00096CFD1 /* selfigram */;
			targetProxy = DC2279CD20EDB5F10096CFD1 /* PBXContainerItemProxy */;
		};
		DC2279D920EDB5F10096CFD1 /* PBXTargetDependency */ = {
			isa = PBXTargetDependency;
			target = DC2279B720EDB5F00096CFD1 /* selfigram */;
			targetProxy = DC2279D820EDB5F10096CFD1 /* PBXContainerItemProxy */;
		};
/* End PBXTargetDependency section */

/* Begin PBXVariantGroup section */
		DC2279BF20EDB5F00096CFD1 /* Main.storyboard */ = {
			isa = PBXVariantGroup;
			children = (
				DC2279C020EDB5F00096CFD1 /* Base */,
			);
			name = Main.storyboard;
			sourceTree = "<group>";
		};
		DC2279C420EDB5F10096CFD1 /* LaunchScreen.storyboard */ = {
			isa = PBXVariantGroup;
			children = (
				DC2279C520EDB5F10096CFD1 /* Base */,
			);
			name = LaunchScreen.storyboard;
			sourceTree = "<group>";
		};
/* End PBXVariantGroup section */

/* Begin XCBuildConfiguration section */
		DC2279DE20EDB5F10096CFD1 /* Debug */ = {
			isa = XCBuildConfiguration;
			buildSettings = {
				ALWAYS_SEARCH_USER_PATHS = NO;
				CLANG_ANALYZER_NONNULL = YES;
				CLANG_ANALYZER_NUMBER_OBJECT_CONVERSION = YES_AGGRESSIVE;
				CLANG_CXX_LANGUAGE_STANDARD = "gnu++14";
				CLANG_CXX_LIBRARY = "libc++";
				CLANG_ENABLE_MODULES = YES;
				CLANG_ENABLE_OBJC_ARC = YES;
				CLANG_ENABLE_OBJC_WEAK = YES;
				CLANG_WARN_BLOCK_CAPTURE_AUTORELEASING = YES;
				CLANG_WARN_BOOL_CONVERSION = YES;
				CLANG_WARN_COMMA = YES;
				CLANG_WARN_CONSTANT_CONVERSION = YES;
				CLANG_WARN_DEPRECATED_OBJC_IMPLEMENTATIONS = YES;
				CLANG_WARN_DIRECT_OBJC_ISA_USAGE = YES_ERROR;
				CLANG_WARN_DOCUMENTATION_COMMENTS = YES;
				CLANG_WARN_EMPTY_BODY = YES;
				CLANG_WARN_ENUM_CONVERSION = YES;
				CLANG_WARN_INFINITE_RECURSION = YES;
				CLANG_WARN_INT_CONVERSION = YES;
				CLANG_WARN_NON_LITERAL_NULL_CONVERSION = YES;
				CLANG_WARN_OBJC_IMPLICIT_RETAIN_SELF = YES;
				CLANG_WARN_OBJC_LITERAL_CONVERSION = YES;
				CLANG_WARN_OBJC_ROOT_CLASS = YES_ERROR;
				CLANG_WARN_RANGE_LOOP_ANALYSIS = YES;
				CLANG_WARN_STRICT_PROTOTYPES = YES;
				CLANG_WARN_SUSPICIOUS_MOVE = YES;
				CLANG_WARN_UNGUARDED_AVAILABILITY = YES_AGGRESSIVE;
				CLANG_WARN_UNREACHABLE_CODE = YES;
				CLANG_WARN__DUPLICATE_METHOD_MATCH = YES;
				CODE_SIGN_IDENTITY = "iPhone Developer";
				COPY_PHASE_STRIP = NO;
				DEBUG_INFORMATION_FORMAT = dwarf;
				ENABLE_STRICT_OBJC_MSGSEND = YES;
				ENABLE_TESTABILITY = YES;
				GCC_C_LANGUAGE_STANDARD = gnu11;
				GCC_DYNAMIC_NO_PIC = NO;
				GCC_NO_COMMON_BLOCKS = YES;
				GCC_OPTIMIZATION_LEVEL = 0;
				GCC_PREPROCESSOR_DEFINITIONS = (
					"DEBUG=1",
					"$(inherited)",
				);
				GCC_WARN_64_TO_32_BIT_CONVERSION = YES;
				GCC_WARN_ABOUT_RETURN_TYPE = YES_ERROR;
				GCC_WARN_UNDECLARED_SELECTOR = YES;
				GCC_WARN_UNINITIALIZED_AUTOS = YES_AGGRESSIVE;
				GCC_WARN_UNUSED_FUNCTION = YES;
				GCC_WARN_UNUSED_VARIABLE = YES;
				IPHONEOS_DEPLOYMENT_TARGET = 11.4;
				MTL_ENABLE_DEBUG_INFO = YES;
				ONLY_ACTIVE_ARCH = YES;
				SDKROOT = iphoneos;
				SWIFT_ACTIVE_COMPILATION_CONDITIONS = DEBUG;
				SWIFT_OPTIMIZATION_LEVEL = "-Onone";
			};
			name = Debug;
		};
		DC2279DF20EDB5F10096CFD1 /* Release */ = {
			isa = XCBuildConfiguration;
			buildSettings = {
				ALWAYS_SEARCH_USER_PATHS = NO;
				CLANG_ANALYZER_NONNULL = YES;
				CLANG_ANALYZER_NUMBER_OBJECT_CONVERSION = YES_AGGRESSIVE;
				CLANG_CXX_LANGUAGE_STANDARD = "gnu++14";
				CLANG_CXX_LIBRARY = "libc++";
				CLANG_ENABLE_MODULES = YES;
				CLANG_ENABLE_OBJC_ARC = YES;
				CLANG_ENABLE_OBJC_WEAK = YES;
				CLANG_WARN_BLOCK_CAPTURE_AUTORELEASING = YES;
				CLANG_WARN_BOOL_CONVERSION = YES;
				CLANG_WARN_COMMA = YES;
				CLANG_WARN_CONSTANT_CONVERSION = YES;
				CLANG_WARN_DEPRECATED_OBJC_IMPLEMENTATIONS = YES;
				CLANG_WARN_DIRECT_OBJC_ISA_USAGE = YES_ERROR;
				CLANG_WARN_DOCUMENTATION_COMMENTS = YES;
				CLANG_WARN_EMPTY_BODY = YES;
				CLANG_WARN_ENUM_CONVERSION = YES;
				CLANG_WARN_INFINITE_RECURSION = YES;
				CLANG_WARN_INT_CONVERSION = YES;
				CLANG_WARN_NON_LITERAL_NULL_CONVERSION = YES;
				CLANG_WARN_OBJC_IMPLICIT_RETAIN_SELF = YES;
				CLANG_WARN_OBJC_LITERAL_CONVERSION = YES;
				CLANG_WARN_OBJC_ROOT_CLASS = YES_ERROR;
				CLANG_WARN_RANGE_LOOP_ANALYSIS = YES;
				CLANG_WARN_STRICT_PROTOTYPES = YES;
				CLANG_WARN_SUSPICIOUS_MOVE = YES;
				CLANG_WARN_UNGUARDED_AVAILABILITY = YES_AGGRESSIVE;
				CLANG_WARN_UNREACHABLE_CODE = YES;
				CLANG_WARN__DUPLICATE_METHOD_MATCH = YES;
				CODE_SIGN_IDENTITY = "iPhone Developer";
				COPY_PHASE_STRIP = NO;
				DEBUG_INFORMATION_FORMAT = "dwarf-with-dsym";
				ENABLE_NS_ASSERTIONS = NO;
				ENABLE_STRICT_OBJC_MSGSEND = YES;
				GCC_C_LANGUAGE_STANDARD = gnu11;
				GCC_NO_COMMON_BLOCKS = YES;
				GCC_WARN_64_TO_32_BIT_CONVERSION = YES;
				GCC_WARN_ABOUT_RETURN_TYPE = YES_ERROR;
				GCC_WARN_UNDECLARED_SELECTOR = YES;
				GCC_WARN_UNINITIALIZED_AUTOS = YES_AGGRESSIVE;
				GCC_WARN_UNUSED_FUNCTION = YES;
				GCC_WARN_UNUSED_VARIABLE = YES;
				IPHONEOS_DEPLOYMENT_TARGET = 11.4;
				MTL_ENABLE_DEBUG_INFO = NO;
				SDKROOT = iphoneos;
				SWIFT_COMPILATION_MODE = wholemodule;
				SWIFT_OPTIMIZATION_LEVEL = "-O";
				VALIDATE_PRODUCT = YES;
			};
			name = Release;
		};
		DC2279E120EDB5F10096CFD1 /* Debug */ = {
			isa = XCBuildConfiguration;
			baseConfigurationReference = 09B34BF0FFB61CBB521B58A9 /* Pods-selfigram.debug.xcconfig */;
			buildSettings = {
				ASSETCATALOG_COMPILER_APPICON_NAME = AppIcon;
				CODE_SIGN_STYLE = Automatic;
				DEVELOPMENT_TEAM = T64W75R8D2;
				INFOPLIST_FILE = selfigram/Info.plist;
				LD_RUNPATH_SEARCH_PATHS = (
					"$(inherited)",
					"@executable_path/Frameworks",
				);
				PRODUCT_BUNDLE_IDENTIFIER = Ebunch.selfigram;
				PRODUCT_NAME = "$(TARGET_NAME)";
				SWIFT_VERSION = 4.0;
				TARGETED_DEVICE_FAMILY = "1,2";
			};
			name = Debug;
		};
		DC2279E220EDB5F10096CFD1 /* Release */ = {
			isa = XCBuildConfiguration;
			baseConfigurationReference = 03659D942141BA6FE8FDF5E0 /* Pods-selfigram.release.xcconfig */;
			buildSettings = {
				ASSETCATALOG_COMPILER_APPICON_NAME = AppIcon;
				CODE_SIGN_STYLE = Automatic;
				DEVELOPMENT_TEAM = T64W75R8D2;
				INFOPLIST_FILE = selfigram/Info.plist;
				LD_RUNPATH_SEARCH_PATHS = (
					"$(inherited)",
					"@executable_path/Frameworks",
				);
				PRODUCT_BUNDLE_IDENTIFIER = Ebunch.selfigram;
				PRODUCT_NAME = "$(TARGET_NAME)";
				SWIFT_VERSION = 4.0;
				TARGETED_DEVICE_FAMILY = "1,2";
			};
			name = Release;
		};
		DC2279E420EDB5F10096CFD1 /* Debug */ = {
			isa = XCBuildConfiguration;
			baseConfigurationReference = 65001E926717C52ACD2074EA /* Pods-selfigramTests.debug.xcconfig */;
			buildSettings = {
				ALWAYS_EMBED_SWIFT_STANDARD_LIBRARIES = YES;
				BUNDLE_LOADER = "$(TEST_HOST)";
				CODE_SIGN_STYLE = Automatic;
				INFOPLIST_FILE = selfigramTests/Info.plist;
				LD_RUNPATH_SEARCH_PATHS = (
					"$(inherited)",
					"@executable_path/Frameworks",
					"@loader_path/Frameworks",
				);
				PRODUCT_BUNDLE_IDENTIFIER = Ebunch.selfigramTests;
				PRODUCT_NAME = "$(TARGET_NAME)";
				SWIFT_VERSION = 4.0;
				TARGETED_DEVICE_FAMILY = "1,2";
				TEST_HOST = "$(BUILT_PRODUCTS_DIR)/selfigram.app/selfigram";
			};
			name = Debug;
		};
		DC2279E520EDB5F10096CFD1 /* Release */ = {
			isa = XCBuildConfiguration;
			baseConfigurationReference = 15D3D7A284BDF98D80DEF919 /* Pods-selfigramTests.release.xcconfig */;
			buildSettings = {
				ALWAYS_EMBED_SWIFT_STANDARD_LIBRARIES = YES;
				BUNDLE_LOADER = "$(TEST_HOST)";
				CODE_SIGN_STYLE = Automatic;
				INFOPLIST_FILE = selfigramTests/Info.plist;
				LD_RUNPATH_SEARCH_PATHS = (
					"$(inherited)",
					"@executable_path/Frameworks",
					"@loader_path/Frameworks",
				);
				PRODUCT_BUNDLE_IDENTIFIER = Ebunch.selfigramTests;
				PRODUCT_NAME = "$(TARGET_NAME)";
				SWIFT_VERSION = 4.0;
				TARGETED_DEVICE_FAMILY = "1,2";
				TEST_HOST = "$(BUILT_PRODUCTS_DIR)/selfigram.app/selfigram";
			};
			name = Release;
		};
		DC2279E720EDB5F10096CFD1 /* Debug */ = {
			isa = XCBuildConfiguration;
			baseConfigurationReference = D5870BF80AD47325225DA395 /* Pods-selfigramUITests.debug.xcconfig */;
			buildSettings = {
				ALWAYS_EMBED_SWIFT_STANDARD_LIBRARIES = YES;
				CODE_SIGN_STYLE = Automatic;
				INFOPLIST_FILE = selfigramUITests/Info.plist;
				LD_RUNPATH_SEARCH_PATHS = (
					"$(inherited)",
					"@executable_path/Frameworks",
					"@loader_path/Frameworks",
				);
				PRODUCT_BUNDLE_IDENTIFIER = Ebunch.selfigramUITests;
				PRODUCT_NAME = "$(TARGET_NAME)";
				SWIFT_VERSION = 4.0;
				TARGETED_DEVICE_FAMILY = "1,2";
				TEST_TARGET_NAME = selfigram;
			};
			name = Debug;
		};
		DC2279E820EDB5F10096CFD1 /* Release */ = {
			isa = XCBuildConfiguration;
			baseConfigurationReference = 29048CACF483600C265D96D2 /* Pods-selfigramUITests.release.xcconfig */;
			buildSettings = {
				ALWAYS_EMBED_SWIFT_STANDARD_LIBRARIES = YES;
				CODE_SIGN_STYLE = Automatic;
				INFOPLIST_FILE = selfigramUITests/Info.plist;
				LD_RUNPATH_SEARCH_PATHS = (
					"$(inherited)",
					"@executable_path/Frameworks",
					"@loader_path/Frameworks",
				);
				PRODUCT_BUNDLE_IDENTIFIER = Ebunch.selfigramUITests;
				PRODUCT_NAME = "$(TARGET_NAME)";
				SWIFT_VERSION = 4.0;
				TARGETED_DEVICE_FAMILY = "1,2";
				TEST_TARGET_NAME = selfigram;
			};
			name = Release;
		};
/* End XCBuildConfiguration section */

/* Begin XCConfigurationList section */
		DC2279B320EDB5F00096CFD1 /* Build configuration list for PBXProject "selfigram" */ = {
			isa = XCConfigurationList;
			buildConfigurations = (
				DC2279DE20EDB5F10096CFD1 /* Debug */,
				DC2279DF20EDB5F10096CFD1 /* Release */,
			);
			defaultConfigurationIsVisible = 0;
			defaultConfigurationName = Release;
		};
		DC2279E020EDB5F10096CFD1 /* Build configuration list for PBXNativeTarget "selfigram" */ = {
			isa = XCConfigurationList;
			buildConfigurations = (
				DC2279E120EDB5F10096CFD1 /* Debug */,
				DC2279E220EDB5F10096CFD1 /* Release */,
			);
			defaultConfigurationIsVisible = 0;
			defaultConfigurationName = Release;
		};
		DC2279E320EDB5F10096CFD1 /* Build configuration list for PBXNativeTarget "selfigramTests" */ = {
			isa = XCConfigurationList;
			buildConfigurations = (
				DC2279E420EDB5F10096CFD1 /* Debug */,
				DC2279E520EDB5F10096CFD1 /* Release */,
			);
			defaultConfigurationIsVisible = 0;
			defaultConfigurationName = Release;
		};
		DC2279E620EDB5F10096CFD1 /* Build configuration list for PBXNativeTarget "selfigramUITests" */ = {
			isa = XCConfigurationList;
			buildConfigurations = (
				DC2279E720EDB5F10096CFD1 /* Debug */,
				DC2279E820EDB5F10096CFD1 /* Release */,
			);
			defaultConfigurationIsVisible = 0;
			defaultConfigurationName = Release;
		};
/* End XCConfigurationList section */
	};
	rootObject = DC2279B020EDB5F00096CFD1 /* Project object */;
}
